
Microsoft Visual Studio Solution File, Format Version 12.00
# Visual Studio Version 16
VisualStudioVersion = 16.0.29609.76
MinimumVisualStudioVersion = 10.0.40219.1
Project("{FAE04EC0-301F-11D3-BF4B-00C04F79EFBC}") = "SSH.Web", "SSH.Web\SSH.Web.csproj", "{848033ED-0E0F-4C61-9599-A97416DA3753}"
EndProject
Global
	GlobalSection(SolutionConfigurationPlatforms) = preSolution
		Debug|Any CPU = Debug|Any CPU
		Release|Any CPU = Release|Any CPU
	EndGlobalSection
	GlobalSection(ProjectConfigurationPlatforms) = postSolution
		{848033ED-0E0F-4C61-9599-A97416DA3753}.Debug|Any CPU.ActiveCfg = Debug|Any CPU
		{848033ED-0E0F-4C61-9599-A97416DA3753}.Debug|Any CPU.Build.0 = Debug|Any CPU
		{848033ED-0E0F-4C61-9599-A97416DA3753}.Release|Any CPU.ActiveCfg = Release|Any CPU
		{848033ED-0E0F-4C61-9599-A97416DA3753}.Release|Any CPU.Build.0 = Release|Any CPU
	EndGlobalSection
	GlobalSection(SolutionProperties) = preSolution
		HideSolutionNode = FALSE
	EndGlobalSection
	GlobalSection(ExtensibilityGlobals) = postSolution
		SolutionGuid = {0F87F69D-A973-473A-B93D-115A31C481EA}
	EndGlobalSection
EndGlobal
